
Microsoft Visual Studio Solution File, Format Version 12.00
# Visual Studio Version 16
VisualStudioVersion = 16.0.30523.141
MinimumVisualStudioVersion = 10.0.40219.1
Project("{FAE04EC0-301F-11D3-BF4B-00C04F79EFBC}") = "WebApplication1", "WebApplication1\WebApplication1.csproj", "{50EEBDDE-E652-4FEF-96AA-5175B6E1B51D}"
EndProject
Global
	GlobalSection(SolutionConfigurationPlatforms) = preSolution
		Debug|Any CPU = Debug|Any CPU
		Release|Any CPU = Release|Any CPU
	EndGlobalSection
	GlobalSection(ProjectConfigurationPlatforms) = postSolution
		{50EEBDDE-E652-4FEF-96AA-5175B6E1B51D}.Debug|Any CPU.ActiveCfg = Debug|Any CPU
		{50EEBDDE-E652-4FEF-96AA-5175B6E1B51D}.Debug|Any CPU.Build.0 = Debug|Any CPU
		{50EEBDDE-E652-4FEF-96AA-5175B6E1B51D}.Release|Any CPU.ActiveCfg = Release|Any CPU
		{50EEBDDE-E652-4FEF-96AA-5175B6E1B51D}.Release|Any CPU.Build.0 = Release|Any CPU
	EndGlobalSection
	GlobalSection(SolutionProperties) = preSolution
		HideSolutionNode = FALSE
	EndGlobalSection
	GlobalSection(ExtensibilityGlobals) = postSolution
		SolutionGuid = {A221DB09-F8CF-4DDE-B912-CEE2F4C1F5AC}
	EndGlobalSection
EndGlobal
