
Microsoft Visual Studio Solution File, Format Version 12.00
# Visual Studio Version 16
VisualStudioVersion = 16.0.30523.141
MinimumVisualStudioVersion = 10.0.40219.1
Project("{FAE04EC0-301F-11D3-BF4B-00C04F79EFBC}") = "lab2_ex", "lab2_ex\lab2_ex.csproj", "{6FB8A319-92F5-4EAD-834B-D40C62FB9867}"
EndProject
Global
	GlobalSection(SolutionConfigurationPlatforms) = preSolution
		Debug|Any CPU = Debug|Any CPU
		Release|Any CPU = Release|Any CPU
	EndGlobalSection
	GlobalSection(ProjectConfigurationPlatforms) = postSolution
		{6FB8A319-92F5-4EAD-834B-D40C62FB9867}.Debug|Any CPU.ActiveCfg = Debug|Any CPU
		{6FB8A319-92F5-4EAD-834B-D40C62FB9867}.Debug|Any CPU.Build.0 = Debug|Any CPU
		{6FB8A319-92F5-4EAD-834B-D40C62FB9867}.Release|Any CPU.ActiveCfg = Release|Any CPU
		{6FB8A319-92F5-4EAD-834B-D40C62FB9867}.Release|Any CPU.Build.0 = Release|Any CPU
	EndGlobalSection
	GlobalSection(SolutionProperties) = preSolution
		HideSolutionNode = FALSE
	EndGlobalSection
	GlobalSection(ExtensibilityGlobals) = postSolution
		SolutionGuid = {5124F9B0-FC42-4111-A0CC-23507BFE6CAE}
	EndGlobalSection
EndGlobal
